dependencies:
  espressif/esp-zboss-lib:
    component_hash: 321883d142421f65009972408287441794250057668a11abbdfd8bec77c3309a
    dependencies:
    - name: idf
      require: private
      version: '>=5.0'
    source:
      registry_url: https://components.espressif.com/
      type: service
    version: 1.6.4
  espressif/esp-zigbee-lib:
    component_hash: 4b023e171bd89d9f6ee2bd9fa63e569c9cfc7f6885d849b566b88cbfcbd37176
    dependencies:
    - name: idf
      require: private
      version: '>=5.0'
    source:
      registry_url: https://components.espressif.com/
      type: service
    version: 1.6.4
  idf:
    source:
      type: idf
    version: 5.3.3
direct_dependencies:
- espressif/esp-zboss-lib
- espressif/esp-zigbee-lib
- idf
manifest_hash: adf6674d2a137aacd8aee96c8d05f1457b2d1f5dd17cc90c52ad19f04d10ce97
target: esp32c6
version: 2.0.0
